// !$*UTF8*$!
{
	archiveVersion = 1;
	classes = {
	};
	objectVersion = 46;
	objects = {

/* Begin PBXBuildFile section */
		17007FB917398624009C1500 /* FlashRuntimeExtensions.h in Headers */ = {isa = PBXBuildFile; fileRef = 17007FB817398624009C1500 /* FlashRuntimeExtensions.h */; settings = {ATTRIBUTES = (Public, ); }; };
		5AC0EBB1151A38F300A3043E /* Foundation.framework in Frameworks */ = {isa = PBXBuildFile; fileRef = 5AC0EBB0151A38F300A3043E /* Foundation.framework */; };
		5AC0EBC2151A3BEE00A3043E /* UIKit.framework in Frameworks */ = {isa = PBXBuildFile; fileRef = 5AC0EBC1151A3BEE00A3043E /* UIKit.framework */; };
		757279851AAEE371003B78C9 /* AVFoundation.framework in Frameworks */ = {isa = PBXBuildFile; fileRef = 757279841AAEE371003B78C9 /* AVFoundation.framework */; };
		757279911AAEE3C7003B78C9 /* CoreGraphics.framework in Frameworks */ = {isa = PBXBuildFile; fileRef = 757279901AAEE3C7003B78C9 /* CoreGraphics.framework */; };
		757F1DA91AAD43E700FA2EA6 /* AirAirplay.h in Headers */ = {isa = PBXBuildFile; fileRef = 757F1DA71AAD43E700FA2EA6 /* AirAirplay.h */; settings = {ATTRIBUTES = (Public, ); }; };
		757F1DAA1AAD43E700FA2EA6 /* AirAirplay.m in Sources */ = {isa = PBXBuildFile; fileRef = 757F1DA81AAD43E700FA2EA6 /* AirAirplay.m */; };
		757F1DB11AAD504000FA2EA6 /* SplitScreen.h in Headers */ = {isa = PBXBuildFile; fileRef = 757F1DAF1AAD504000FA2EA6 /* SplitScreen.h */; settings = {ATTRIBUTES = (Public, ); }; };
		757F1DB21AAD504000FA2EA6 /* SplitScreen.m in Sources */ = {isa = PBXBuildFile; fileRef = 757F1DB01AAD504000FA2EA6 /* SplitScreen.m */; };
		75A7270E1AD50F58008A2FBB /* OpenGL.h in Headers */ = {isa = PBXBuildFile; fileRef = 75A7270C1AD50F58008A2FBB /* OpenGL.h */; };
		75A7270F1AD50F58008A2FBB /* OpenGL.m in Sources */ = {isa = PBXBuildFile; fileRef = 75A7270D1AD50F58008A2FBB /* OpenGL.m */; };
		75A727111AD50FCE008A2FBB /* QuartzCore.framework in Frameworks */ = {isa = PBXBuildFile; fileRef = 75A727101AD50FCE008A2FBB /* QuartzCore.framework */; };
		75A727131AD50FD6008A2FBB /* OpenGLES.framework in Frameworks */ = {isa = PBXBuildFile; fileRef = 75A727121AD50FD6008A2FBB /* OpenGLES.framework */; };
		75A727181AD514BA008A2FBB /* frameYUV.h in Headers */ = {isa = PBXBuildFile; fileRef = 75A727141AD514BA008A2FBB /* frameYUV.h */; };
		75A727191AD514BA008A2FBB /* frameYUV.m in Sources */ = {isa = PBXBuildFile; fileRef = 75A727151AD514BA008A2FBB /* frameYUV.m */; };
		75A7271A1AD514BA008A2FBB /* GLSLRenderYUV.h in Headers */ = {isa = PBXBuildFile; fileRef = 75A727161AD514BA008A2FBB /* GLSLRenderYUV.h */; };
		75A7271B1AD514BA008A2FBB /* GLSLRenderYUV.m in Sources */ = {isa = PBXBuildFile; fileRef = 75A727171AD514BA008A2FBB /* GLSLRenderYUV.m */; };
		75A7271F1AD514C6008A2FBB /* RTMPDecoder.h in Headers */ = {isa = PBXBuildFile; fileRef = 75A7271D1AD514C6008A2FBB /* RTMPDecoder.h */; };
		75A727201AD514C6008A2FBB /* RTMPDecoder.m in Sources */ = {isa = PBXBuildFile; fileRef = 75A7271E1AD514C6008A2FBB /* RTMPDecoder.m */; };
		75B77AA11AB92AF7007275C8 /* libiconv.dylib in Frameworks */ = {isa = PBXBuildFile; fileRef = 75B77AA01AB92AF7007275C8 /* libiconv.dylib */; settings = {ATTRIBUTES = (Required, ); }; };
		75B77AA31AB92DE8007275C8 /* libbz2.1.0.dylib in Frameworks */ = {isa = PBXBuildFile; fileRef = 75B77AA21AB92DE8007275C8 /* libbz2.1.0.dylib */; };
		75C6974A1AB978B600A54283 /* libz.1.dylib in Frameworks */ = {isa = PBXBuildFile; fileRef = 75C697491AB978B600A54283 /* libz.1.dylib */; };
		75C6A3FC1ABA7C6500D28407 /* libavcodec.a in Frameworks */ = {isa = PBXBuildFile; fileRef = 75E5D9701AB8364B000BE582 /* libavcodec.a */; };
		75C6A3FD1ABA7C6500D28407 /* libavdevice.a in Frameworks */ = {isa = PBXBuildFile; fileRef = 75E5D9711AB8364B000BE582 /* libavdevice.a */; };
		75C6A3FE1ABA7C6500D28407 /* libavfilter.a in Frameworks */ = {isa = PBXBuildFile; fileRef = 75E5D9721AB8364B000BE582 /* libavfilter.a */; };
		75C6A3FF1ABA7C6500D28407 /* libavformat.a in Frameworks */ = {isa = PBXBuildFile; fileRef = 75E5D9731AB8364B000BE582 /* libavformat.a */; };
		75C6A4001ABA7C6500D28407 /* libavutil.a in Frameworks */ = {isa = PBXBuildFile; fileRef = 75E5D9741AB8364B000BE582 /* libavutil.a */; };
		75C6A4011ABA7C6500D28407 /* libswscale.a in Frameworks */ = {isa = PBXBuildFile; fileRef = 75E5D9761AB8364B000BE582 /* libswscale.a */; };
		75C6A4021ABA7D1100D28407 /* libswresample.a in Frameworks */ = {isa = PBXBuildFile; fileRef = 75E5D9751AB8364B000BE582 /* libswresample.a */; };
		75C6A4031ABA7D1E00D28407 /* libavcodec.a in Sources */ = {isa = PBXBuildFile; fileRef = 75E5D9701AB8364B000BE582 /* libavcodec.a */; };
		75C6A4041ABA7D1E00D28407 /* libavdevice.a in Sources */ = {isa = PBXBuildFile; fileRef = 75E5D9711AB8364B000BE582 /* libavdevice.a */; };
		75C6A4051ABA7D1E00D28407 /* libavfilter.a in Sources */ = {isa = PBXBuildFile; fileRef = 75E5D9721AB8364B000BE582 /* libavfilter.a */; };
		75C6A4061ABA7D1E00D28407 /* libavformat.a in Sources */ = {isa = PBXBuildFile; fileRef = 75E5D9731AB8364B000BE582 /* libavformat.a */; };
		75C6A4071ABA7D1E00D28407 /* libavutil.a in Sources */ = {isa = PBXBuildFile; fileRef = 75E5D9741AB8364B000BE582 /* libavutil.a */; };
		75C6A4081ABA7D1E00D28407 /* libswresample.a in Sources */ = {isa = PBXBuildFile; fileRef = 75E5D9751AB8364B000BE582 /* libswresample.a */; };
		75C6A4091ABA7D1E00D28407 /* libswscale.a in Sources */ = {isa = PBXBuildFile; fileRef = 75E5D9761AB8364B000BE582 /* libswscale.a */; };
		75E5D9771AB8364B000BE582 /* avcodec.h in Headers */ = {isa = PBXBuildFile; fileRef = 75E5D90D1AB8364B000BE582 /* avcodec.h */; };
		75E5D9781AB8364B000BE582 /* avfft.h in Headers */ = {isa = PBXBuildFile; fileRef = 75E5D90E1AB8364B000BE582 /* avfft.h */; };
		75E5D9791AB8364B000BE582 /* dv_profile.h in Headers */ = {isa = PBXBuildFile; fileRef = 75E5D90F1AB8364B000BE582 /* dv_profile.h */; };
		75E5D97A1AB8364B000BE582 /* dxva2.h in Headers */ = {isa = PBXBuildFile; fileRef = 75E5D9101AB8364B000BE582 /* dxva2.h */; };
		75E5D97B1AB8364B000BE582 /* old_codec_ids.h in Headers */ = {isa = PBXBuildFile; fileRef = 75E5D9111AB8364B000BE582 /* old_codec_ids.h */; };
		75E5D97C1AB8364B000BE582 /* qsv.h in Headers */ = {isa = PBXBuildFile; fileRef = 75E5D9121AB8364B000BE582 /* qsv.h */; };
		75E5D97D1AB8364B000BE582 /* vaapi.h in Headers */ = {isa = PBXBuildFile; fileRef = 75E5D9131AB8364B000BE582 /* vaapi.h */; };
		75E5D97E1AB8364B000BE582 /* vda.h in Headers */ = {isa = PBXBuildFile; fileRef = 75E5D9141AB8364B000BE582 /* vda.h */; };
		75E5D97F1AB8364B000BE582 /* vdpau.h in Headers */ = {isa = PBXBuildFile; fileRef = 75E5D9151AB8364B000BE582 /* vdpau.h */; };
		75E5D9801AB8364B000BE582 /* version.h in Headers */ = {isa = PBXBuildFile; fileRef = 75E5D9161AB8364B000BE582 /* version.h */; };
		75E5D9811AB8364B000BE582 /* vorbis_parser.h in Headers */ = {isa = PBXBuildFile; fileRef = 75E5D9171AB8364B000BE582 /* vorbis_parser.h */; };
		75E5D9821AB8364B000BE582 /* xvmc.h in Headers */ = {isa = PBXBuildFile; fileRef = 75E5D9181AB8364B000BE582 /* xvmc.h */; };
		75E5D9831AB8364B000BE582 /* avdevice.h in Headers */ = {isa = PBXBuildFile; fileRef = 75E5D91A1AB8364B000BE582 /* avdevice.h */; };
		75E5D9841AB8364B000BE582 /* version.h in Headers */ = {isa = PBXBuildFile; fileRef = 75E5D91B1AB8364B000BE582 /* version.h */; };
		75E5D9851AB8364B000BE582 /* asrc_abuffer.h in Headers */ = {isa = PBXBuildFile; fileRef = 75E5D91D1AB8364B000BE582 /* asrc_abuffer.h */; };
		75E5D9861AB8364B000BE582 /* avcodec.h in Headers */ = {isa = PBXBuildFile; fileRef = 75E5D91E1AB8364B000BE582 /* avcodec.h */; };
		75E5D9871AB8364B000BE582 /* avfilter.h in Headers */ = {isa = PBXBuildFile; fileRef = 75E5D91F1AB8364B000BE582 /* avfilter.h */; };
		75E5D9881AB8364B000BE582 /* avfiltergraph.h in Headers */ = {isa = PBXBuildFile; fileRef = 75E5D9201AB8364B000BE582 /* avfiltergraph.h */; };
		75E5D9891AB8364B000BE582 /* buffersink.h in Headers */ = {isa = PBXBuildFile; fileRef = 75E5D9211AB8364B000BE582 /* buffersink.h */; };
		75E5D98A1AB8364B000BE582 /* buffersrc.h in Headers */ = {isa = PBXBuildFile; fileRef = 75E5D9221AB8364B000BE582 /* buffersrc.h */; };
		75E5D98B1AB8364B000BE582 /* version.h in Headers */ = {isa = PBXBuildFile; fileRef = 75E5D9231AB8364B000BE582 /* version.h */; };
		75E5D98C1AB8364B000BE582 /* avformat.h in Headers */ = {isa = PBXBuildFile; fileRef = 75E5D9251AB8364B000BE582 /* avformat.h */; };
		75E5D98D1AB8364B000BE582 /* avio.h in Headers */ = {isa = PBXBuildFile; fileRef = 75E5D9261AB8364B000BE582 /* avio.h */; };
		75E5D98E1AB8364B000BE582 /* version.h in Headers */ = {isa = PBXBuildFile; fileRef = 75E5D9271AB8364B000BE582 /* version.h */; };
		75E5D98F1AB8364B000BE582 /* adler32.h in Headers */ = {isa = PBXBuildFile; fileRef = 75E5D9291AB8364B000BE582 /* adler32.h */; };
		75E5D9901AB8364B000BE582 /* aes.h in Headers */ = {isa = PBXBuildFile; fileRef = 75E5D92A1AB8364B000BE582 /* aes.h */; };
		75E5D9911AB8364B000BE582 /* attributes.h in Headers */ = {isa = PBXBuildFile; fileRef = 75E5D92B1AB8364B000BE582 /* attributes.h */; };
		75E5D9921AB8364B000BE582 /* audio_fifo.h in Headers */ = {isa = PBXBuildFile; fileRef = 75E5D92C1AB8364B000BE582 /* audio_fifo.h */; };
		75E5D9931AB8364B000BE582 /* audioconvert.h in Headers */ = {isa = PBXBuildFile; fileRef = 75E5D92D1AB8364B000BE582 /* audioconvert.h */; };
		75E5D9941AB8364B000BE582 /* avassert.h in Headers */ = {isa = PBXBuildFile; fileRef = 75E5D92E1AB8364B000BE582 /* avassert.h */; };
		75E5D9951AB8364B000BE582 /* avconfig.h in Headers */ = {isa = PBXBuildFile; fileRef = 75E5D92F1AB8364B000BE582 /* avconfig.h */; };
		75E5D9961AB8364B000BE582 /* avstring.h in Headers */ = {isa = PBXBuildFile; fileRef = 75E5D9301AB8364B000BE582 /* avstring.h */; };
		75E5D9971AB8364B000BE582 /* avutil.h in Headers */ = {isa = PBXBuildFile; fileRef = 75E5D9311AB8364B000BE582 /* avutil.h */; };
		75E5D9981AB8364B000BE582 /* base64.h in Headers */ = {isa = PBXBuildFile; fileRef = 75E5D9321AB8364B000BE582 /* base64.h */; };
		75E5D9991AB8364B000BE582 /* blowfish.h in Headers */ = {isa = PBXBuildFile; fileRef = 75E5D9331AB8364B000BE582 /* blowfish.h */; };
		75E5D99A1AB8364B000BE582 /* bprint.h in Headers */ = {isa = PBXBuildFile; fileRef = 75E5D9341AB8364B000BE582 /* bprint.h */; };
		75E5D99B1AB8364B000BE582 /* bswap.h in Headers */ = {isa = PBXBuildFile; fileRef = 75E5D9351AB8364B000BE582 /* bswap.h */; };
		75E5D99C1AB8364B000BE582 /* buffer.h in Headers */ = {isa = PBXBuildFile; fileRef = 75E5D9361AB8364B000BE582 /* buffer.h */; };
		75E5D99D1AB8364B000BE582 /* camellia.h in Headers */ = {isa = PBXBuildFile; fileRef = 75E5D9371AB8364B000BE582 /* camellia.h */; };
		75E5D99E1AB8364B000BE582 /* cast5.h in Headers */ = {isa = PBXBuildFile; fileRef = 75E5D9381AB8364B000BE582 /* cast5.h */; };
		75E5D99F1AB8364B000BE582 /* channel_layout.h in Headers */ = {isa = PBXBuildFile; fileRef = 75E5D9391AB8364B000BE582 /* channel_layout.h */; };
		75E5D9A01AB8364B000BE582 /* common.h in Headers */ = {isa = PBXBuildFile; fileRef = 75E5D93A1AB8364B000BE582 /* common.h */; };
		75E5D9A11AB8364B000BE582 /* cpu.h in Headers */ = {isa = PBXBuildFile; fileRef = 75E5D93B1AB8364B000BE582 /* cpu.h */; };
		75E5D9A21AB8364B000BE582 /* crc.h in Headers */ = {isa = PBXBuildFile; fileRef = 75E5D93C1AB8364B000BE582 /* crc.h */; };
		75E5D9A31AB8364B000BE582 /* dict.h in Headers */ = {isa = PBXBuildFile; fileRef = 75E5D93D1AB8364B000BE582 /* dict.h */; };
		75E5D9A41AB8364B000BE582 /* display.h in Headers */ = {isa = PBXBuildFile; fileRef = 75E5D93E1AB8364B000BE582 /* display.h */; };
		75E5D9A51AB8364B000BE582 /* downmix_info.h in Headers */ = {isa = PBXBuildFile; fileRef = 75E5D93F1AB8364B000BE582 /* downmix_info.h */; };
		75E5D9A61AB8364B000BE582 /* error.h in Headers */ = {isa = PBXBuildFile; fileRef = 75E5D9401AB8364B000BE582 /* error.h */; };
		75E5D9A71AB8364B000BE582 /* eval.h in Headers */ = {isa = PBXBuildFile; fileRef = 75E5D9411AB8364B000BE582 /* eval.h */; };
		75E5D9A81AB8364B000BE582 /* ffversion.h in Headers */ = {isa = PBXBuildFile; fileRef = 75E5D9421AB8364B000BE582 /* ffversion.h */; };
		75E5D9A91AB8364B000BE582 /* fifo.h in Headers */ = {isa = PBXBuildFile; fileRef = 75E5D9431AB8364B000BE582 /* fifo.h */; };
		75E5D9AA1AB8364B000BE582 /* file.h in Headers */ = {isa = PBXBuildFile; fileRef = 75E5D9441AB8364B000BE582 /* file.h */; };
		75E5D9AB1AB8364B000BE582 /* frame.h in Headers */ = {isa = PBXBuildFile; fileRef = 75E5D9451AB8364B000BE582 /* frame.h */; };
		75E5D9AC1AB8364B000BE582 /* hash.h in Headers */ = {isa = PBXBuildFile; fileRef = 75E5D9461AB8364B000BE582 /* hash.h */; };
		75E5D9AD1AB8364B000BE582 /* hmac.h in Headers */ = {isa = PBXBuildFile; fileRef = 75E5D9471AB8364B000BE582 /* hmac.h */; };
		75E5D9AE1AB8364B000BE582 /* imgutils.h in Headers */ = {isa = PBXBuildFile; fileRef = 75E5D9481AB8364B000BE582 /* imgutils.h */; };
		75E5D9AF1AB8364B000BE582 /* intfloat.h in Headers */ = {isa = PBXBuildFile; fileRef = 75E5D9491AB8364B000BE582 /* intfloat.h */; };
		75E5D9B01AB8364B000BE582 /* intreadwrite.h in Headers */ = {isa = PBXBuildFile; fileRef = 75E5D94A1AB8364B000BE582 /* intreadwrite.h */; };
		75E5D9B11AB8364B000BE582 /* lfg.h in Headers */ = {isa = PBXBuildFile; fileRef = 75E5D94B1AB8364B000BE582 /* lfg.h */; };
		75E5D9B21AB8364B000BE582 /* log.h in Headers */ = {isa = PBXBuildFile; fileRef = 75E5D94C1AB8364B000BE582 /* log.h */; };
		75E5D9B31AB8364B000BE582 /* lzo.h in Headers */ = {isa = PBXBuildFile; fileRef = 75E5D94D1AB8364B000BE582 /* lzo.h */; };
		75E5D9B41AB8364B000BE582 /* macros.h in Headers */ = {isa = PBXBuildFile; fileRef = 75E5D94E1AB8364B000BE582 /* macros.h */; };
		75E5D9B51AB8364B000BE582 /* mathematics.h in Headers */ = {isa = PBXBuildFile; fileRef = 75E5D94F1AB8364B000BE582 /* mathematics.h */; };
		75E5D9B61AB8364B000BE582 /* md5.h in Headers */ = {isa = PBXBuildFile; fileRef = 75E5D9501AB8364B000BE582 /* md5.h */; };
		75E5D9B71AB8364B000BE582 /* mem.h in Headers */ = {isa = PBXBuildFile; fileRef = 75E5D9511AB8364B000BE582 /* mem.h */; };
		75E5D9B81AB8364B000BE582 /* motion_vector.h in Headers */ = {isa = PBXBuildFile; fileRef = 75E5D9521AB8364B000BE582 /* motion_vector.h */; };
		75E5D9B91AB8364B000BE582 /* murmur3.h in Headers */ = {isa = PBXBuildFile; fileRef = 75E5D9531AB8364B000BE582 /* murmur3.h */; };
		75E5D9BA1AB8364B000BE582 /* old_pix_fmts.h in Headers */ = {isa = PBXBuildFile; fileRef = 75E5D9541AB8364B000BE582 /* old_pix_fmts.h */; };
		75E5D9BB1AB8364B000BE582 /* opt.h in Headers */ = {isa = PBXBuildFile; fileRef = 75E5D9551AB8364B000BE582 /* opt.h */; };
		75E5D9BC1AB8364B000BE582 /* parseutils.h in Headers */ = {isa = PBXBuildFile; fileRef = 75E5D9561AB8364B000BE582 /* parseutils.h */; };
		75E5D9BD1AB8364B000BE582 /* pixdesc.h in Headers */ = {isa = PBXBuildFile; fileRef = 75E5D9571AB8364B000BE582 /* pixdesc.h */; };
		75E5D9BE1AB8364B000BE582 /* pixelutils.h in Headers */ = {isa = PBXBuildFile; fileRef = 75E5D9581AB8364B000BE582 /* pixelutils.h */; };
		75E5D9BF1AB8364B000BE582 /* pixfmt.h in Headers */ = {isa = PBXBuildFile; fileRef = 75E5D9591AB8364B000BE582 /* pixfmt.h */; };
		75E5D9C01AB8364B000BE582 /* random_seed.h in Headers */ = {isa = PBXBuildFile; fileRef = 75E5D95A1AB8364B000BE582 /* random_seed.h */; };
		75E5D9C11AB8364B000BE582 /* rational.h in Headers */ = {isa = PBXBuildFile; fileRef = 75E5D95B1AB8364B000BE582 /* rational.h */; };
		75E5D9C21AB8364B000BE582 /* replaygain.h in Headers */ = {isa = PBXBuildFile; fileRef = 75E5D95C1AB8364B000BE582 /* replaygain.h */; };
		75E5D9C31AB8364B000BE582 /* ripemd.h in Headers */ = {isa = PBXBuildFile; fileRef = 75E5D95D1AB8364B000BE582 /* ripemd.h */; };
		75E5D9C41AB8364B000BE582 /* samplefmt.h in Headers */ = {isa = PBXBuildFile; fileRef = 75E5D95E1AB8364B000BE582 /* samplefmt.h */; };
		75E5D9C51AB8364B000BE582 /* sha.h in Headers */ = {isa = PBXBuildFile; fileRef = 75E5D95F1AB8364B000BE582 /* sha.h */; };
		75E5D9C61AB8364B000BE582 /* sha512.h in Headers */ = {isa = PBXBuildFile; fileRef = 75E5D9601AB8364B000BE582 /* sha512.h */; };
		75E5D9C71AB8364B000BE582 /* stereo3d.h in Headers */ = {isa = PBXBuildFile; fileRef = 75E5D9611AB8364B000BE582 /* stereo3d.h */; };
		75E5D9C81AB8364B000BE582 /* threadmessage.h in Headers */ = {isa = PBXBuildFile; fileRef = 75E5D9621AB8364B000BE582 /* threadmessage.h */; };
		75E5D9C91AB8364B000BE582 /* time.h in Headers */ = {isa = PBXBuildFile; fileRef = 75E5D9631AB8364B000BE582 /* time.h */; };
		75E5D9CA1AB8364B000BE582 /* timecode.h in Headers */ = {isa = PBXBuildFile; fileRef = 75E5D9641AB8364B000BE582 /* timecode.h */; };
		75E5D9CB1AB8364B000BE582 /* timestamp.h in Headers */ = {isa = PBXBuildFile; fileRef = 75E5D9651AB8364B000BE582 /* timestamp.h */; };
		75E5D9CC1AB8364B000BE582 /* twofish.h in Headers */ = {isa = PBXBuildFile; fileRef = 75E5D9661AB8364B000BE582 /* twofish.h */; };
		75E5D9CD1AB8364B000BE582 /* version.h in Headers */ = {isa = PBXBuildFile; fileRef = 75E5D9671AB8364B000BE582 /* version.h */; };
		75E5D9CE1AB8364B000BE582 /* xtea.h in Headers */ = {isa = PBXBuildFile; fileRef = 75E5D9681AB8364B000BE582 /* xtea.h */; };
		75E5D9CF1AB8364B000BE582 /* swresample.h in Headers */ = {isa = PBXBuildFile; fileRef = 75E5D96A1AB8364B000BE582 /* swresample.h */; };
		75E5D9D01AB8364B000BE582 /* version.h in Headers */ = {isa = PBXBuildFile; fileRef = 75E5D96B1AB8364B000BE582 /* version.h */; };
		75E5D9D11AB8364B000BE582 /* swscale.h in Headers */ = {isa = PBXBuildFile; fileRef = 75E5D96D1AB8364B000BE582 /* swscale.h */; };
		75E5D9D21AB8364B000BE582 /* version.h in Headers */ = {isa = PBXBuildFile; fileRef = 75E5D96E1AB8364B000BE582 /* version.h */; };
		75E5D9E21AB90A1E000BE582 /* iRTMPPlayer.h in Headers */ = {isa = PBXBuildFile; fileRef = 75E5D9E01AB90A1E000BE582 /* iRTMPPlayer.h */; settings = {ATTRIBUTES = (Public, ); }; };
		75E5D9E31AB90A1E000BE582 /* iRTMPPlayer.m in Sources */ = {isa = PBXBuildFile; fileRef = 75E5D9E11AB90A1E000BE582 /* iRTMPPlayer.m */; };
/* End PBXBuildFile section */

/* Begin PBXContainerItemProxy section */
		75C6974F1ABA5C4800A54283 /* PBXContainerItemProxy */ = {
			isa = PBXContainerItemProxy;
			containerPortal = 5AC0EBA4151A38F300A3043E /* Project object */;
			proxyType = 1;
			remoteGlobalIDString = 5AC0EBAC151A38F300A3043E;
			remoteInfo = AirAirplay;
		};
/* End PBXContainerItemProxy section */

/* Begin PBXFileReference section */
		17007FB817398624009C1500 /* FlashRuntimeExtensions.h */ = {isa = PBXFileReference; fileEncoding = 4; lastKnownFileType = sourcecode.c.h; path = FlashRuntimeExtensions.h; sourceTree = "<group>"; };
		5AC0EBAD151A38F300A3043E /* libAirAirplay.a */ = {isa = PBXFileReference; explicitFileType = archive.ar; includeInIndex = 0; path = libAirAirplay.a; sourceTree = BUILT_PRODUCTS_DIR; };
		5AC0EBB0151A38F300A3043E /* Foundation.framework */ = {isa = PBXFileReference; lastKnownFileType = wrapper.framework; name = Foundation.framework; path = System/Library/Frameworks/Foundation.framework; sourceTree = SDKROOT; };
		5AC0EBB4151A38F300A3043E /* AirAirplay-Prefix.pch */ = {isa = PBXFileReference; lastKnownFileType = sourcecode.c.h; path = "AirAirplay-Prefix.pch"; sourceTree = "<group>"; };
		5AC0EBC1151A3BEE00A3043E /* UIKit.framework */ = {isa = PBXFileReference; lastKnownFileType = wrapper.framework; name = UIKit.framework; path = System/Library/Frameworks/UIKit.framework; sourceTree = SDKROOT; };
		757279841AAEE371003B78C9 /* AVFoundation.framework */ = {isa = PBXFileReference; lastKnownFileType = wrapper.framework; name = AVFoundation.framework; path = System/Library/Frameworks/AVFoundation.framework; sourceTree = SDKROOT; };
		757279901AAEE3C7003B78C9 /* CoreGraphics.framework */ = {isa = PBXFileReference; lastKnownFileType = wrapper.framework; name = CoreGraphics.framework; path = System/Library/Frameworks/CoreGraphics.framework; sourceTree = SDKROOT; };
		757F1DA71AAD43E700FA2EA6 /* AirAirplay.h */ = {isa = PBXFileReference; fileEncoding = 4; lastKnownFileType = sourcecode.c.h; path = AirAirplay.h; sourceTree = "<group>"; };
		757F1DA81AAD43E700FA2EA6 /* AirAirplay.m */ = {isa = PBXFileReference; fileEncoding = 4; lastKnownFileType = sourcecode.c.objc; path = AirAirplay.m; sourceTree = "<group>"; };
		757F1DAF1AAD504000FA2EA6 /* SplitScreen.h */ = {isa = PBXFileReference; fileEncoding = 4; lastKnownFileType = sourcecode.c.h; path = SplitScreen.h; sourceTree = "<group>"; };
		757F1DB01AAD504000FA2EA6 /* SplitScreen.m */ = {isa = PBXFileReference; fileEncoding = 4; lastKnownFileType = sourcecode.c.objc; path = SplitScreen.m; sourceTree = "<group>"; };
		75A7270C1AD50F58008A2FBB /* OpenGL.h */ = {isa = PBXFileReference; fileEncoding = 4; lastKnownFileType = sourcecode.c.h; path = OpenGL.h; sourceTree = "<group>"; };
		75A7270D1AD50F58008A2FBB /* OpenGL.m */ = {isa = PBXFileReference; fileEncoding = 4; lastKnownFileType = sourcecode.c.objc; path = OpenGL.m; sourceTree = "<group>"; };
		75A727101AD50FCE008A2FBB /* QuartzCore.framework */ = {isa = PBXFileReference; lastKnownFileType = wrapper.framework; name = QuartzCore.framework; path = System/Library/Frameworks/QuartzCore.framework; sourceTree = SDKROOT; };
		75A727121AD50FD6008A2FBB /* OpenGLES.framework */ = {isa = PBXFileReference; lastKnownFileType = wrapper.framework; name = OpenGLES.framework; path = System/Library/Frameworks/OpenGLES.framework; sourceTree = SDKROOT; };
		75A727141AD514BA008A2FBB /* frameYUV.h */ = {isa = PBXFileReference; fileEncoding = 4; lastKnownFileType = sourcecode.c.h; path = frameYUV.h; sourceTree = "<group>"; };
		75A727151AD514BA008A2FBB /* frameYUV.m */ = {isa = PBXFileReference; fileEncoding = 4; lastKnownFileType = sourcecode.c.objc; path = frameYUV.m; sourceTree = "<group>"; };
		75A727161AD514BA008A2FBB /* GLSLRenderYUV.h */ = {isa = PBXFileReference; fileEncoding = 4; lastKnownFileType = sourcecode.c.h; path = GLSLRenderYUV.h; sourceTree = "<group>"; };
		75A727171AD514BA008A2FBB /* GLSLRenderYUV.m */ = {isa = PBXFileReference; fileEncoding = 4; lastKnownFileType = sourcecode.c.objc; path = GLSLRenderYUV.m; sourceTree = "<group>"; };
		75A7271D1AD514C6008A2FBB /* RTMPDecoder.h */ = {isa = PBXFileReference; fileEncoding = 4; lastKnownFileType = sourcecode.c.h; path = RTMPDecoder.h; sourceTree = "<group>"; };
		75A7271E1AD514C6008A2FBB /* RTMPDecoder.m */ = {isa = PBXFileReference; fileEncoding = 4; lastKnownFileType = sourcecode.c.objc; path = RTMPDecoder.m; sourceTree = "<group>"; };
		75A8C7461AB036600041B6B0 /* AirAirplay.ane */ = {isa = PBXFileReference; explicitFileType = archive.ar; includeInIndex = 0; path = AirAirplay.ane; sourceTree = BUILT_PRODUCTS_DIR; };
		75A8C7641AB038DA0041B6B0 /* config.sh */ = {isa = PBXFileReference; fileEncoding = 4; lastKnownFileType = text.script.sh; path = config.sh; sourceTree = "<group>"; };
		75A8C7651AB03A6F0041B6B0 /* generateANE.sh */ = {isa = PBXFileReference; lastKnownFileType = text.script.sh; path = generateANE.sh; sourceTree = "<group>"; };
		75A8C76D1AB167D20041B6B0 /* AlertEvent.as */ = {isa = PBXFileReference; lastKnownFileType = text; path = AlertEvent.as; sourceTree = "<group>"; };
		75A8C76E1AB167D20041B6B0 /* ImagePickerEvent.as */ = {isa = PBXFileReference; lastKnownFileType = text; path = ImagePickerEvent.as; sourceTree = "<group>"; };
		75A8C76F1AB167D20041B6B0 /* LocationEvent.as */ = {isa = PBXFileReference; lastKnownFileType = text; path = LocationEvent.as; sourceTree = "<group>"; };
		75A8C7701AB167D20041B6B0 /* ScannerEvent.as */ = {isa = PBXFileReference; lastKnownFileType = text; path = ScannerEvent.as; sourceTree = "<group>"; };
		75A8C7711AB167D20041B6B0 /* UIKit.as */ = {isa = PBXFileReference; lastKnownFileType = text; path = UIKit.as; sourceTree = "<group>"; };
		75A8C7721AB16CE90041B6B0 /* compiler_swc.xml */ = {isa = PBXFileReference; lastKnownFileType = text.xml; path = compiler_swc.xml; sourceTree = "<group>"; };
		75A8C7731AB175920041B6B0 /* install.md */ = {isa = PBXFileReference; fileEncoding = 4; lastKnownFileType = net.daringfireball.markdown; path = install.md; sourceTree = "<group>"; };
		75A8C7751AB196740041B6B0 /* extension.xml */ = {isa = PBXFileReference; fileEncoding = 4; lastKnownFileType = text.xml; path = extension.xml; sourceTree = "<group>"; };
		75A8C7761AB196740041B6B0 /* iOSExtension.swc */ = {isa = PBXFileReference; lastKnownFileType = file; path = iOSExtension.swc; sourceTree = "<group>"; };
		75A8C7771AB196740041B6B0 /* libAirAirplay.a */ = {isa = PBXFileReference; lastKnownFileType = archive.ar; path = libAirAirplay.a; sourceTree = "<group>"; };
		75A8C7781AB196740041B6B0 /* library.swf */ = {isa = PBXFileReference; lastKnownFileType = file; path = library.swf; sourceTree = "<group>"; };
		75A8C7851AB196740041B6B0 /* platformRTMP.xml */ = {isa = PBXFileReference; fileEncoding = 4; lastKnownFileType = text.xml; path = platformRTMP.xml; sourceTree = "<group>"; };
		75B77AA01AB92AF7007275C8 /* libiconv.dylib */ = {isa = PBXFileReference; lastKnownFileType = "compiled.mach-o.dylib"; name = libiconv.dylib; path = usr/lib/libiconv.dylib; sourceTree = SDKROOT; };
		75B77AA21AB92DE8007275C8 /* libbz2.1.0.dylib */ = {isa = PBXFileReference; lastKnownFileType = "compiled.mach-o.dylib"; name = libbz2.1.0.dylib; path = usr/lib/libbz2.1.0.dylib; sourceTree = SDKROOT; };
		75C697491AB978B600A54283 /* libz.1.dylib */ = {isa = PBXFileReference; lastKnownFileType = "compiled.mach-o.dylib"; name = libz.1.dylib; path = usr/lib/libz.1.dylib; sourceTree = SDKROOT; };
		75C6A40B1ABC00BF00D28407 /* SplitScreen.as */ = {isa = PBXFileReference; lastKnownFileType = text; path = SplitScreen.as; sourceTree = "<group>"; };
		75E5D90D1AB8364B000BE582 /* avcodec.h */ = {isa = PBXFileReference; fileEncoding = 4; lastKnownFileType = sourcecode.c.h; path = avcodec.h; sourceTree = "<group>"; };
		75E5D90E1AB8364B000BE582 /* avfft.h */ = {isa = PBXFileReference; fileEncoding = 4; lastKnownFileType = sourcecode.c.h; path = avfft.h; sourceTree = "<group>"; };
		75E5D90F1AB8364B000BE582 /* dv_profile.h */ = {isa = PBXFileReference; fileEncoding = 4; lastKnownFileType = sourcecode.c.h; path = dv_profile.h; sourceTree = "<group>"; };
		75E5D9101AB8364B000BE582 /* dxva2.h */ = {isa = PBXFileReference; fileEncoding = 4; lastKnownFileType = sourcecode.c.h; path = dxva2.h; sourceTree = "<group>"; };
		75E5D9111AB8364B000BE582 /* old_codec_ids.h */ = {isa = PBXFileReference; fileEncoding = 4; lastKnownFileType = sourcecode.c.h; path = old_codec_ids.h; sourceTree = "<group>"; };
		75E5D9121AB8364B000BE582 /* qsv.h */ = {isa = PBXFileReference; fileEncoding = 4; lastKnownFileType = sourcecode.c.h; path = qsv.h; sourceTree = "<group>"; };
		75E5D9131AB8364B000BE582 /* vaapi.h */ = {isa = PBXFileReference; fileEncoding = 4; lastKnownFileType = sourcecode.c.h; path = vaapi.h; sourceTree = "<group>"; };
		75E5D9141AB8364B000BE582 /* vda.h */ = {isa = PBXFileReference; fileEncoding = 4; lastKnownFileType = sourcecode.c.h; path = vda.h; sourceTree = "<group>"; };
		75E5D9151AB8364B000BE582 /* vdpau.h */ = {isa = PBXFileReference; fileEncoding = 4; lastKnownFileType = sourcecode.c.h; path = vdpau.h; sourceTree = "<group>"; };
		75E5D9161AB8364B000BE582 /* version.h */ = {isa = PBXFileReference; fileEncoding = 4; lastKnownFileType = sourcecode.c.h; path = version.h; sourceTree = "<group>"; };
		75E5D9171AB8364B000BE582 /* vorbis_parser.h */ = {isa = PBXFileReference; fileEncoding = 4; lastKnownFileType = sourcecode.c.h; path = vorbis_parser.h; sourceTree = "<group>"; };
		75E5D9181AB8364B000BE582 /* xvmc.h */ = {isa = PBXFileReference; fileEncoding = 4; lastKnownFileType = sourcecode.c.h; path = xvmc.h; sourceTree = "<group>"; };
		75E5D91A1AB8364B000BE582 /* avdevice.h */ = {isa = PBXFileReference; fileEncoding = 4; lastKnownFileType = sourcecode.c.h; path = avdevice.h; sourceTree = "<group>"; };
		75E5D91B1AB8364B000BE582 /* version.h */ = {isa = PBXFileReference; fileEncoding = 4; lastKnownFileType = sourcecode.c.h; path = version.h; sourceTree = "<group>"; };
		75E5D91D1AB8364B000BE582 /* asrc_abuffer.h */ = {isa = PBXFileReference; fileEncoding = 4; lastKnownFileType = sourcecode.c.h; path = asrc_abuffer.h; sourceTree = "<group>"; };
		75E5D91E1AB8364B000BE582 /* avcodec.h */ = {isa = PBXFileReference; fileEncoding = 4; lastKnownFileType = sourcecode.c.h; path = avcodec.h; sourceTree = "<group>"; };
		75E5D91F1AB8364B000BE582 /* avfilter.h */ = {isa = PBXFileReference; fileEncoding = 4; lastKnownFileType = sourcecode.c.h; path = avfilter.h; sourceTree = "<group>"; };
		75E5D9201AB8364B000BE582 /* avfiltergraph.h */ = {isa = PBXFileReference; fileEncoding = 4; lastKnownFileType = sourcecode.c.h; path = avfiltergraph.h; sourceTree = "<group>"; };
		75E5D9211AB8364B000BE582 /* buffersink.h */ = {isa = PBXFileReference; fileEncoding = 4; lastKnownFileType = sourcecode.c.h; path = buffersink.h; sourceTree = "<group>"; };
		75E5D9221AB8364B000BE582 /* buffersrc.h */ = {isa = PBXFileReference; fileEncoding = 4; lastKnownFileType = sourcecode.c.h; path = buffersrc.h; sourceTree = "<group>"; };
		75E5D9231AB8364B000BE582 /* version.h */ = {isa = PBXFileReference; fileEncoding = 4; lastKnownFileType = sourcecode.c.h; path = version.h; sourceTree = "<group>"; };
		75E5D9251AB8364B000BE582 /* avformat.h */ = {isa = PBXFileReference; fileEncoding = 4; lastKnownFileType = sourcecode.c.h; path = avformat.h; sourceTree = "<group>"; };
		75E5D9261AB8364B000BE582 /* avio.h */ = {isa = PBXFileReference; fileEncoding = 4; lastKnownFileType = sourcecode.c.h; path = avio.h; sourceTree = "<group>"; };
		75E5D9271AB8364B000BE582 /* version.h */ = {isa = PBXFileReference; fileEncoding = 4; lastKnownFileType = sourcecode.c.h; path = version.h; sourceTree = "<group>"; };
		75E5D9291AB8364B000BE582 /* adler32.h */ = {isa = PBXFileReference; fileEncoding = 4; lastKnownFileType = sourcecode.c.h; path = adler32.h; sourceTree = "<group>"; };
		75E5D92A1AB8364B000BE582 /* aes.h */ = {isa = PBXFileReference; fileEncoding = 4; lastKnownFileType = sourcecode.c.h; path = aes.h; sourceTree = "<group>"; };
		75E5D92B1AB8364B000BE582 /* attributes.h */ = {isa = PBXFileReference; fileEncoding = 4; lastKnownFileType = sourcecode.c.h; path = attributes.h; sourceTree = "<group>"; };
		75E5D92C1AB8364B000BE582 /* audio_fifo.h */ = {isa = PBXFileReference; fileEncoding = 4; lastKnownFileType = sourcecode.c.h; path = audio_fifo.h; sourceTree = "<group>"; };
		75E5D92D1AB8364B000BE582 /* audioconvert.h */ = {isa = PBXFileReference; fileEncoding = 4; lastKnownFileType = sourcecode.c.h; path = audioconvert.h; sourceTree = "<group>"; };
		75E5D92E1AB8364B000BE582 /* avassert.h */ = {isa = PBXFileReference; fileEncoding = 4; lastKnownFileType = sourcecode.c.h; path = avassert.h; sourceTree = "<group>"; };
		75E5D92F1AB8364B000BE582 /* avconfig.h */ = {isa = PBXFileReference; fileEncoding = 4; lastKnownFileType = sourcecode.c.h; path = avconfig.h; sourceTree = "<group>"; };
		75E5D9301AB8364B000BE582 /* avstring.h */ = {isa = PBXFileReference; fileEncoding = 4; lastKnownFileType = sourcecode.c.h; path = avstring.h; sourceTree = "<group>"; };
		75E5D9311AB8364B000BE582 /* avutil.h */ = {isa = PBXFileReference; fileEncoding = 4; lastKnownFileType = sourcecode.c.h; path = avutil.h; sourceTree = "<group>"; };
		75E5D9321AB8364B000BE582 /* base64.h */ = {isa = PBXFileReference; fileEncoding = 4; lastKnownFileType = sourcecode.c.h; path = base64.h; sourceTree = "<group>"; };
		75E5D9331AB8364B000BE582 /* blowfish.h */ = {isa = PBXFileReference; fileEncoding = 4; lastKnownFileType = sourcecode.c.h; path = blowfish.h; sourceTree = "<group>"; };
		75E5D9341AB8364B000BE582 /* bprint.h */ = {isa = PBXFileReference; fileEncoding = 4; lastKnownFileType = sourcecode.c.h; path = bprint.h; sourceTree = "<group>"; };
		75E5D9351AB8364B000BE582 /* bswap.h */ = {isa = PBXFileReference; fileEncoding = 4; lastKnownFileType = sourcecode.c.h; path = bswap.h; sourceTree = "<group>"; };
		75E5D9361AB8364B000BE582 /* buffer.h */ = {isa = PBXFileReference; fileEncoding = 4; lastKnownFileType = sourcecode.c.h; path = buffer.h; sourceTree = "<group>"; };
		75E5D9371AB8364B000BE582 /* camellia.h */ = {isa = PBXFileReference; fileEncoding = 4; lastKnownFileType = sourcecode.c.h; path = camellia.h; sourceTree = "<group>"; };
		75E5D9381AB8364B000BE582 /* cast5.h */ = {isa = PBXFileReference; fileEncoding = 4; lastKnownFileType = sourcecode.c.h; path = cast5.h; sourceTree = "<group>"; };
		75E5D9391AB8364B000BE582 /* channel_layout.h */ = {isa = PBXFileReference; fileEncoding = 4; lastKnownFileType = sourcecode.c.h; path = channel_layout.h; sourceTree = "<group>"; };
		75E5D93A1AB8364B000BE582 /* common.h */ = {isa = PBXFileReference; fileEncoding = 4; lastKnownFileType = sourcecode.c.h; path = common.h; sourceTree = "<group>"; };
		75E5D93B1AB8364B000BE582 /* cpu.h */ = {isa = PBXFileReference; fileEncoding = 4; lastKnownFileType = sourcecode.c.h; path = cpu.h; sourceTree = "<group>"; };
		75E5D93C1AB8364B000BE582 /* crc.h */ = {isa = PBXFileReference; fileEncoding = 4; lastKnownFileType = sourcecode.c.h; path = crc.h; sourceTree = "<group>"; };
		75E5D93D1AB8364B000BE582 /* dict.h */ = {isa = PBXFileReference; fileEncoding = 4; lastKnownFileType = sourcecode.c.h; path = dict.h; sourceTree = "<group>"; };
		75E5D93E1AB8364B000BE582 /* display.h */ = {isa = PBXFileReference; fileEncoding = 4; lastKnownFileType = sourcecode.c.h; path = display.h; sourceTree = "<group>"; };
		75E5D93F1AB8364B000BE582 /* downmix_info.h */ = {isa = PBXFileReference; fileEncoding = 4; lastKnownFileType = sourcecode.c.h; path = downmix_info.h; sourceTree = "<group>"; };
		75E5D9401AB8364B000BE582 /* error.h */ = {isa = PBXFileReference; fileEncoding = 4; lastKnownFileType = sourcecode.c.h; path = error.h; sourceTree = "<group>"; };
		75E5D9411AB8364B000BE582 /* eval.h */ = {isa = PBXFileReference; fileEncoding = 4; lastKnownFileType = sourcecode.c.h; path = eval.h; sourceTree = "<group>"; };
		75E5D9421AB8364B000BE582 /* ffversion.h */ = {isa = PBXFileReference; fileEncoding = 4; lastKnownFileType = sourcecode.c.h; path = ffversion.h; sourceTree = "<group>"; };
		75E5D9431AB8364B000BE582 /* fifo.h */ = {isa = PBXFileReference; fileEncoding = 4; lastKnownFileType = sourcecode.c.h; path = fifo.h; sourceTree = "<group>"; };
		75E5D9441AB8364B000BE582 /* file.h */ = {isa = PBXFileReference; fileEncoding = 4; lastKnownFileType = sourcecode.c.h; path = file.h; sourceTree = "<group>"; };
		75E5D9451AB8364B000BE582 /* frame.h */ = {isa = PBXFileReference; fileEncoding = 4; lastKnownFileType = sourcecode.c.h; path = frame.h; sourceTree = "<group>"; };
		75E5D9461AB8364B000BE582 /* hash.h */ = {isa = PBXFileReference; fileEncoding = 4; lastKnownFileType = sourcecode.c.h; path = hash.h; sourceTree = "<group>"; };
		75E5D9471AB8364B000BE582 /* hmac.h */ = {isa = PBXFileReference; fileEncoding = 4; lastKnownFileType = sourcecode.c.h; path = hmac.h; sourceTree = "<group>"; };
		75E5D9481AB8364B000BE582 /* imgutils.h */ = {isa = PBXFileReference; fileEncoding = 4; lastKnownFileType = sourcecode.c.h; path = imgutils.h; sourceTree = "<group>"; };
		75E5D9491AB8364B000BE582 /* intfloat.h */ = {isa = PBXFileReference; fileEncoding = 4; lastKnownFileType = sourcecode.c.h; path = intfloat.h; sourceTree = "<group>"; };
		75E5D94A1AB8364B000BE582 /* intreadwrite.h */ = {isa = PBXFileReference; fileEncoding = 4; lastKnownFileType = sourcecode.c.h; path = intreadwrite.h; sourceTree = "<group>"; };
		75E5D94B1AB8364B000BE582 /* lfg.h */ = {isa = PBXFileReference; fileEncoding = 4; lastKnownFileType = sourcecode.c.h; path = lfg.h; sourceTree = "<group>"; };
		75E5D94C1AB8364B000BE582 /* log.h */ = {isa = PBXFileReference; fileEncoding = 4; lastKnownFileType = sourcecode.c.h; path = log.h; sourceTree = "<group>"; };
		75E5D94D1AB8364B000BE582 /* lzo.h */ = {isa = PBXFileReference; fileEncoding = 4; lastKnownFileType = sourcecode.c.h; path = lzo.h; sourceTree = "<group>"; };
		75E5D94E1AB8364B000BE582 /* macros.h */ = {isa = PBXFileReference; fileEncoding = 4; lastKnownFileType = sourcecode.c.h; path = macros.h; sourceTree = "<group>"; };
		75E5D94F1AB8364B000BE582 /* mathematics.h */ = {isa = PBXFileReference; fileEncoding = 4; lastKnownFileType = sourcecode.c.h; path = mathematics.h; sourceTree = "<group>"; };
		75E5D9501AB8364B000BE582 /* md5.h */ = {isa = PBXFileReference; fileEncoding = 4; lastKnownFileType = sourcecode.c.h; path = md5.h; sourceTree = "<group>"; };
		75E5D9511AB8364B000BE582 /* mem.h */ = {isa = PBXFileReference; fileEncoding = 4; lastKnownFileType = sourcecode.c.h; path = mem.h; sourceTree = "<group>"; };
		75E5D9521AB8364B000BE582 /* motion_vector.h */ = {isa = PBXFileReference; fileEncoding = 4; lastKnownFileType = sourcecode.c.h; path = motion_vector.h; sourceTree = "<group>"; };
		75E5D9531AB8364B000BE582 /* murmur3.h */ = {isa = PBXFileReference; fileEncoding = 4; lastKnownFileType = sourcecode.c.h; path = murmur3.h; sourceTree = "<group>"; };
		75E5D9541AB8364B000BE582 /* old_pix_fmts.h */ = {isa = PBXFileReference; fileEncoding = 4; lastKnownFileType = sourcecode.c.h; path = old_pix_fmts.h; sourceTree = "<group>"; };
		75E5D9551AB8364B000BE582 /* opt.h */ = {isa = PBXFileReference; fileEncoding = 4; lastKnownFileType = sourcecode.c.h; path = opt.h; sourceTree = "<group>"; };
		75E5D9561AB8364B000BE582 /* parseutils.h */ = {isa = PBXFileReference; fileEncoding = 4; lastKnownFileType = sourcecode.c.h; path = parseutils.h; sourceTree = "<group>"; };
		75E5D9571AB8364B000BE582 /* pixdesc.h */ = {isa = PBXFileReference; fileEncoding = 4; lastKnownFileType = sourcecode.c.h; path = pixdesc.h; sourceTree = "<group>"; };
		75E5D9581AB8364B000BE582 /* pixelutils.h */ = {isa = PBXFileReference; fileEncoding = 4; lastKnownFileType = sourcecode.c.h; path = pixelutils.h; sourceTree = "<group>"; };
		75E5D9591AB8364B000BE582 /* pixfmt.h */ = {isa = PBXFileReference; fileEncoding = 4; lastKnownFileType = sourcecode.c.h; path = pixfmt.h; sourceTree = "<group>"; };
		75E5D95A1AB8364B000BE582 /* random_seed.h */ = {isa = PBXFileReference; fileEncoding = 4; lastKnownFileType = sourcecode.c.h; path = random_seed.h; sourceTree = "<group>"; };
		75E5D95B1AB8364B000BE582 /* rational.h */ = {isa = PBXFileReference; fileEncoding = 4; lastKnownFileType = sourcecode.c.h; path = rational.h; sourceTree = "<group>"; };
		75E5D95C1AB8364B000BE582 /* replaygain.h */ = {isa = PBXFileReference; fileEncoding = 4; lastKnownFileType = sourcecode.c.h; path = replaygain.h; sourceTree = "<group>"; };
		75E5D95D1AB8364B000BE582 /* ripemd.h */ = {isa = PBXFileReference; fileEncoding = 4; lastKnownFileType = sourcecode.c.h; path = ripemd.h; sourceTree = "<group>"; };
		75E5D95E1AB8364B000BE582 /* samplefmt.h */ = {isa = PBXFileReference; fileEncoding = 4; lastKnownFileType = sourcecode.c.h; path = samplefmt.h; sourceTree = "<group>"; };
		75E5D95F1AB8364B000BE582 /* sha.h */ = {isa = PBXFileReference; fileEncoding = 4; lastKnownFileType = sourcecode.c.h; path = sha.h; sourceTree = "<group>"; };
		75E5D9601AB8364B000BE582 /* sha512.h */ = {isa = PBXFileReference; fileEncoding = 4; lastKnownFileType = sourcecode.c.h; path = sha512.h; sourceTree = "<group>"; };
		75E5D9611AB8364B000BE582 /* stereo3d.h */ = {isa = PBXFileReference; fileEncoding = 4; lastKnownFileType = sourcecode.c.h; path = stereo3d.h; sourceTree = "<group>"; };
		75E5D9621AB8364B000BE582 /* threadmessage.h */ = {isa = PBXFileReference; fileEncoding = 4; lastKnownFileType = sourcecode.c.h; path = threadmessage.h; sourceTree = "<group>"; };
		75E5D9631AB8364B000BE582 /* time.h */ = {isa = PBXFileReference; fileEncoding = 4; lastKnownFileType = sourcecode.c.h; path = time.h; sourceTree = "<group>"; };
		75E5D9641AB8364B000BE582 /* timecode.h */ = {isa = PBXFileReference; fileEncoding = 4; lastKnownFileType = sourcecode.c.h; path = timecode.h; sourceTree = "<group>"; };
		75E5D9651AB8364B000BE582 /* timestamp.h */ = {isa = PBXFileReference; fileEncoding = 4; lastKnownFileType = sourcecode.c.h; path = timestamp.h; sourceTree = "<group>"; };
		75E5D9661AB8364B000BE582 /* twofish.h */ = {isa = PBXFileReference; fileEncoding = 4; lastKnownFileType = sourcecode.c.h; path = twofish.h; sourceTree = "<group>"; };
		75E5D9671AB8364B000BE582 /* version.h */ = {isa = PBXFileReference; fileEncoding = 4; lastKnownFileType = sourcecode.c.h; path = version.h; sourceTree = "<group>"; };
		75E5D9681AB8364B000BE582 /* xtea.h */ = {isa = PBXFileReference; fileEncoding = 4; lastKnownFileType = sourcecode.c.h; path = xtea.h; sourceTree = "<group>"; };
		75E5D96A1AB8364B000BE582 /* swresample.h */ = {isa = PBXFileReference; fileEncoding = 4; lastKnownFileType = sourcecode.c.h; path = swresample.h; sourceTree = "<group>"; };
		75E5D96B1AB8364B000BE582 /* version.h */ = {isa = PBXFileReference; fileEncoding = 4; lastKnownFileType = sourcecode.c.h; path = version.h; sourceTree = "<group>"; };
		75E5D96D1AB8364B000BE582 /* swscale.h */ = {isa = PBXFileReference; fileEncoding = 4; lastKnownFileType = sourcecode.c.h; path = swscale.h; sourceTree = "<group>"; };
		75E5D96E1AB8364B000BE582 /* version.h */ = {isa = PBXFileReference; fileEncoding = 4; lastKnownFileType = sourcecode.c.h; path = version.h; sourceTree = "<group>"; };
		75E5D9701AB8364B000BE582 /* libavcodec.a */ = {isa = PBXFileReference; lastKnownFileType = archive.ar; path = libavcodec.a; sourceTree = "<group>"; };
		75E5D9711AB8364B000BE582 /* libavdevice.a */ = {isa = PBXFileReference; lastKnownFileType = archive.ar; path = libavdevice.a; sourceTree = "<group>"; };
		75E5D9721AB8364B000BE582 /* libavfilter.a */ = {isa = PBXFileReference; lastKnownFileType = archive.ar; path = libavfilter.a; sourceTree = "<group>"; };
		75E5D9731AB8364B000BE582 /* libavformat.a */ = {isa = PBXFileReference; lastKnownFileType = archive.ar; path = libavformat.a; sourceTree = "<group>"; };
		75E5D9741AB8364B000BE582 /* libavutil.a */ = {isa = PBXFileReference; lastKnownFileType = archive.ar; path = libavutil.a; sourceTree = "<group>"; };
		75E5D9751AB8364B000BE582 /* libswresample.a */ = {isa = PBXFileReference; lastKnownFileType = archive.ar; path = libswresample.a; sourceTree = "<group>"; };
		75E5D9761AB8364B000BE582 /* libswscale.a */ = {isa = PBXFileReference; lastKnownFileType = archive.ar; path = libswscale.a; sourceTree = "<group>"; };
		75E5D9E01AB90A1E000BE582 /* iRTMPPlayer.h */ = {isa = PBXFileReference; fileEncoding = 4; lastKnownFileType = sourcecode.c.h; path = iRTMPPlayer.h; sourceTree = "<group>"; };
		75E5D9E11AB90A1E000BE582 /* iRTMPPlayer.m */ = {isa = PBXFileReference; fileEncoding = 4; lastKnownFileType = sourcecode.c.objc; path = iRTMPPlayer.m; sourceTree = "<group>"; };
/* End PBXFileReference section */

/* Begin PBXFrameworksBuildPhase section */
		5AC0EBAA151A38F300A3043E /* Frameworks */ = {
			isa = PBXFrameworksBuildPhase;
			buildActionMask = 2147483647;
			files = (
				75A727131AD50FD6008A2FBB /* OpenGLES.framework in Frameworks */,
				75A727111AD50FCE008A2FBB /* QuartzCore.framework in Frameworks */,
				75C6A4021ABA7D1100D28407 /* libswresample.a in Frameworks */,
				75C6A3FC1ABA7C6500D28407 /* libavcodec.a in Frameworks */,
				75C6A3FD1ABA7C6500D28407 /* libavdevice.a in Frameworks */,
				75C6A3FE1ABA7C6500D28407 /* libavfilter.a in Frameworks */,
				75C6A3FF1ABA7C6500D28407 /* libavformat.a in Frameworks */,
				75C6A4001ABA7C6500D28407 /* libavutil.a in Frameworks */,
				75C6A4011ABA7C6500D28407 /* libswscale.a in Frameworks */,
				75C6974A1AB978B600A54283 /* libz.1.dylib in Frameworks */,
				75B77AA31AB92DE8007275C8 /* libbz2.1.0.dylib in Frameworks */,
				75B77AA11AB92AF7007275C8 /* libiconv.dylib in Frameworks */,
				757279911AAEE3C7003B78C9 /* CoreGraphics.framework in Frameworks */,
				757279851AAEE371003B78C9 /* AVFoundation.framework in Frameworks */,
				5AC0EBC2151A3BEE00A3043E /* UIKit.framework in Frameworks */,
				5AC0EBB1151A38F300A3043E /* Foundation.framework in Frameworks */,
			);
			runOnlyForDeploymentPostprocessing = 0;
		};
/* End PBXFrameworksBuildPhase section */

/* Begin PBXGroup section */
		5AC0EBA2151A38F300A3043E = {
			isa = PBXGroup;
			children = (
				75A8C7731AB175920041B6B0 /* install.md */,
				75A8C7671AB126F20041B6B0 /* Flash */,
				75A8C7631AB0387E0041B6B0 /* ANECompiler */,
				5AC0EBB2151A38F300A3043E /* Airpaly */,
				5AC0EBAF151A38F300A3043E /* Frameworks */,
				5AC0EBAE151A38F300A3043E /* Products */,
			);
			sourceTree = "<group>";
		};
		5AC0EBAE151A38F300A3043E /* Products */ = {
			isa = PBXGroup;
			children = (
				5AC0EBAD151A38F300A3043E /* libAirAirplay.a */,
				75A8C7461AB036600041B6B0 /* AirAirplay.ane */,
			);
			name = Products;
			sourceTree = "<group>";
		};
		5AC0EBAF151A38F300A3043E /* Frameworks */ = {
			isa = PBXGroup;
			children = (
				75A727121AD50FD6008A2FBB /* OpenGLES.framework */,
				75A727101AD50FCE008A2FBB /* QuartzCore.framework */,
				75C697491AB978B600A54283 /* libz.1.dylib */,
				75B77AA21AB92DE8007275C8 /* libbz2.1.0.dylib */,
				75B77AA01AB92AF7007275C8 /* libiconv.dylib */,
				75E5D90A1AB8364B000BE582 /* ffmpeg */,
				757279841AAEE371003B78C9 /* AVFoundation.framework */,
				757279901AAEE3C7003B78C9 /* CoreGraphics.framework */,
				5AC0EBB0151A38F300A3043E /* Foundation.framework */,
				5AC0EBC1151A3BEE00A3043E /* UIKit.framework */,
			);
			path = Frameworks;
			sourceTree = "<group>";
		};
		5AC0EBB2151A38F300A3043E /* Airpaly */ = {
			isa = PBXGroup;
			children = (
				75A7270B1AD4FC53008A2FBB /* NetStream */,
				75E5D9E51AB90C30000BE582 /* Mirroring */,
				75E5D9E41AB90BF7000BE582 /* FFmpeg-Player */,
				17007FB817398624009C1500 /* FlashRuntimeExtensions.h */,
				757F1DA71AAD43E700FA2EA6 /* AirAirplay.h */,
				757F1DA81AAD43E700FA2EA6 /* AirAirplay.m */,
				5AC0EBB3151A38F300A3043E /* Supporting Files */,
			);
			name = Airpaly;
			path = AirAirplay;
			sourceTree = "<group>";
		};
		5AC0EBB3151A38F300A3043E /* Supporting Files */ = {
			isa = PBXGroup;
			children = (
				5AC0EBB4151A38F300A3043E /* AirAirplay-Prefix.pch */,
			);
			name = "Supporting Files";
			sourceTree = "<group>";
		};
		75A7270B1AD4FC53008A2FBB /* NetStream */ = {
			isa = PBXGroup;
			children = (
				75A7271C1AD514C6008A2FBB /* StreamDecoder */,
				75A727141AD514BA008A2FBB /* frameYUV.h */,
				75A727151AD514BA008A2FBB /* frameYUV.m */,
				75A727161AD514BA008A2FBB /* GLSLRenderYUV.h */,
				75A727171AD514BA008A2FBB /* GLSLRenderYUV.m */,
				75A7270C1AD50F58008A2FBB /* OpenGL.h */,
				75A7270D1AD50F58008A2FBB /* OpenGL.m */,
			);
			path = NetStream;
			sourceTree = "<group>";
		};
		75A7271C1AD514C6008A2FBB /* StreamDecoder */ = {
			isa = PBXGroup;
			children = (
				75A7271D1AD514C6008A2FBB /* RTMPDecoder.h */,
				75A7271E1AD514C6008A2FBB /* RTMPDecoder.m */,
			);
			path = StreamDecoder;
			sourceTree = "<group>";
		};
		75A8C7631AB0387E0041B6B0 /* ANECompiler */ = {
			isa = PBXGroup;
			children = (
				75A8C7751AB196740041B6B0 /* extension.xml */,
				75A8C7761AB196740041B6B0 /* iOSExtension.swc */,
				75A8C7771AB196740041B6B0 /* libAirAirplay.a */,
				75A8C7781AB196740041B6B0 /* library.swf */,
				75A8C7851AB196740041B6B0 /* platformRTMP.xml */,
				75A8C7641AB038DA0041B6B0 /* config.sh */,
				75A8C7651AB03A6F0041B6B0 /* generateANE.sh */,
			);
			path = ANECompiler;
			sourceTree = "<group>";
		};
		75A8C7671AB126F20041B6B0 /* Flash */ = {
			isa = PBXGroup;
			children = (
				75A8C7681AB167D20041B6B0 /* src */,
			);
			path = Flash;
			sourceTree = "<group>";
		};
		75A8C7681AB167D20041B6B0 /* src */ = {
			isa = PBXGroup;
			children = (
				75A8C7691AB167D20041B6B0 /* com */,
				75A8C7721AB16CE90041B6B0 /* compiler_swc.xml */,
			);
			path = src;
			sourceTree = "<group>";
		};
		75A8C7691AB167D20041B6B0 /* com */ = {
			isa = PBXGroup;
			children = (
				75A8C76A1AB167D20041B6B0 /* ios */,
			);
			path = com;
			sourceTree = "<group>";
		};
		75A8C76A1AB167D20041B6B0 /* ios */ = {
			isa = PBXGroup;
			children = (
				75A8C76B1AB167D20041B6B0 /* UIKit */,
			);
			path = ios;
			sourceTree = "<group>";
		};
		75A8C76B1AB167D20041B6B0 /* UIKit */ = {
			isa = PBXGroup;
			children = (
				75A8C76C1AB167D20041B6B0 /* event */,
				75C6A40B1ABC00BF00D28407 /* SplitScreen.as */,
				75A8C7711AB167D20041B6B0 /* UIKit.as */,
			);
			path = UIKit;
			sourceTree = "<group>";
		};
		75A8C76C1AB167D20041B6B0 /* event */ = {
			isa = PBXGroup;
			children = (
				75A8C76D1AB167D20041B6B0 /* AlertEvent.as */,
				75A8C76E1AB167D20041B6B0 /* ImagePickerEvent.as */,
				75A8C76F1AB167D20041B6B0 /* LocationEvent.as */,
				75A8C7701AB167D20041B6B0 /* ScannerEvent.as */,
			);
			path = event;
			sourceTree = "<group>";
		};
		75E5D90A1AB8364B000BE582 /* ffmpeg */ = {
			isa = PBXGroup;
			children = (
				75E5D90B1AB8364B000BE582 /* include */,
				75E5D96F1AB8364B000BE582 /* lib */,
			);
			path = ffmpeg;
			sourceTree = "<group>";
		};
		75E5D90B1AB8364B000BE582 /* include */ = {
			isa = PBXGroup;
			children = (
				75E5D90C1AB8364B000BE582 /* libavcodec */,
				75E5D9191AB8364B000BE582 /* libavdevice */,
				75E5D91C1AB8364B000BE582 /* libavfilter */,
				75E5D9241AB8364B000BE582 /* libavformat */,
				75E5D9281AB8364B000BE582 /* libavutil */,
				75E5D9691AB8364B000BE582 /* libswresample */,
				75E5D96C1AB8364B000BE582 /* libswscale */,
			);
			path = include;
			sourceTree = "<group>";
		};
		75E5D90C1AB8364B000BE582 /* libavcodec */ = {
			isa = PBXGroup;
			children = (
				75E5D90D1AB8364B000BE582 /* avcodec.h */,
				75E5D90E1AB8364B000BE582 /* avfft.h */,
				75E5D90F1AB8364B000BE582 /* dv_profile.h */,
				75E5D9101AB8364B000BE582 /* dxva2.h */,
				75E5D9111AB8364B000BE582 /* old_codec_ids.h */,
				75E5D9121AB8364B000BE582 /* qsv.h */,
				75E5D9131AB8364B000BE582 /* vaapi.h */,
				75E5D9141AB8364B000BE582 /* vda.h */,
				75E5D9151AB8364B000BE582 /* vdpau.h */,
				75E5D9161AB8364B000BE582 /* version.h */,
				75E5D9171AB8364B000BE582 /* vorbis_parser.h */,
				75E5D9181AB8364B000BE582 /* xvmc.h */,
			);
			path = libavcodec;
			sourceTree = "<group>";
		};
		75E5D9191AB8364B000BE582 /* libavdevice */ = {
			isa = PBXGroup;
			children = (
				75E5D91A1AB8364B000BE582 /* avdevice.h */,
				75E5D91B1AB8364B000BE582 /* version.h */,
			);
			path = libavdevice;
			sourceTree = "<group>";
		};
		75E5D91C1AB8364B000BE582 /* libavfilter */ = {
			isa = PBXGroup;
			children = (
				75E5D91D1AB8364B000BE582 /* asrc_abuffer.h */,
				75E5D91E1AB8364B000BE582 /* avcodec.h */,
				75E5D91F1AB8364B000BE582 /* avfilter.h */,
				75E5D9201AB8364B000BE582 /* avfiltergraph.h */,
				75E5D9211AB8364B000BE582 /* buffersink.h */,
				75E5D9221AB8364B000BE582 /* buffersrc.h */,
				75E5D9231AB8364B000BE582 /* version.h */,
			);
			path = libavfilter;
			sourceTree = "<group>";
		};
		75E5D9241AB8364B000BE582 /* libavformat */ = {
			isa = PBXGroup;
			children = (
				75E5D9251AB8364B000BE582 /* avformat.h */,
				75E5D9261AB8364B000BE582 /* avio.h */,
				75E5D9271AB8364B000BE582 /* version.h */,
			);
			path = libavformat;
			sourceTree = "<group>";
		};
		75E5D9281AB8364B000BE582 /* libavutil */ = {
			isa = PBXGroup;
			children = (
				75E5D9291AB8364B000BE582 /* adler32.h */,
				75E5D92A1AB8364B000BE582 /* aes.h */,
				75E5D92B1AB8364B000BE582 /* attributes.h */,
				75E5D92C1AB8364B000BE582 /* audio_fifo.h */,
				75E5D92D1AB8364B000BE582 /* audioconvert.h */,
				75E5D92E1AB8364B000BE582 /* avassert.h */,
				75E5D92F1AB8364B000BE582 /* avconfig.h */,
				75E5D9301AB8364B000BE582 /* avstring.h */,
				75E5D9311AB8364B000BE582 /* avutil.h */,
				75E5D9321AB8364B000BE582 /* base64.h */,
				75E5D9331AB8364B000BE582 /* blowfish.h */,
				75E5D9341AB8364B000BE582 /* bprint.h */,
				75E5D9351AB8364B000BE582 /* bswap.h */,
				75E5D9361AB8364B000BE582 /* buffer.h */,
				75E5D9371AB8364B000BE582 /* camellia.h */,
				75E5D9381AB8364B000BE582 /* cast5.h */,
				75E5D9391AB8364B000BE582 /* channel_layout.h */,
				75E5D93A1AB8364B000BE582 /* common.h */,
				75E5D93B1AB8364B000BE582 /* cpu.h */,
				75E5D93C1AB8364B000BE582 /* crc.h */,
				75E5D93D1AB8364B000BE582 /* dict.h */,
				75E5D93E1AB8364B000BE582 /* display.h */,
				75E5D93F1AB8364B000BE582 /* downmix_info.h */,
				75E5D9401AB8364B000BE582 /* error.h */,
				75E5D9411AB8364B000BE582 /* eval.h */,
				75E5D9421AB8364B000BE582 /* ffversion.h */,
				75E5D9431AB8364B000BE582 /* fifo.h */,
				75E5D9441AB8364B000BE582 /* file.h */,
				75E5D9451AB8364B000BE582 /* frame.h */,
				75E5D9461AB8364B000BE582 /* hash.h */,
				75E5D9471AB8364B000BE582 /* hmac.h */,
				75E5D9481AB8364B000BE582 /* imgutils.h */,
				75E5D9491AB8364B000BE582 /* intfloat.h */,
				75E5D94A1AB8364B000BE582 /* intreadwrite.h */,
				75E5D94B1AB8364B000BE582 /* lfg.h */,
				75E5D94C1AB8364B000BE582 /* log.h */,
				75E5D94D1AB8364B000BE582 /* lzo.h */,
				75E5D94E1AB8364B000BE582 /* macros.h */,
				75E5D94F1AB8364B000BE582 /* mathematics.h */,
				75E5D9501AB8364B000BE582 /* md5.h */,
				75E5D9511AB8364B000BE582 /* mem.h */,
				75E5D9521AB8364B000BE582 /* motion_vector.h */,
				75E5D9531AB8364B000BE582 /* murmur3.h */,
				75E5D9541AB8364B000BE582 /* old_pix_fmts.h */,
				75E5D9551AB8364B000BE582 /* opt.h */,
				75E5D9561AB8364B000BE582 /* parseutils.h */,
				75E5D9571AB8364B000BE582 /* pixdesc.h */,
				75E5D9581AB8364B000BE582 /* pixelutils.h */,
				75E5D9591AB8364B000BE582 /* pixfmt.h */,
				75E5D95A1AB8364B000BE582 /* random_seed.h */,
				75E5D95B1AB8364B000BE582 /* rational.h */,
				75E5D95C1AB8364B000BE582 /* replaygain.h */,
				75E5D95D1AB8364B000BE582 /* ripemd.h */,
				75E5D95E1AB8364B000BE582 /* samplefmt.h */,
				75E5D95F1AB8364B000BE582 /* sha.h */,
				75E5D9601AB8364B000BE582 /* sha512.h */,
				75E5D9611AB8364B000BE582 /* stereo3d.h */,
				75E5D9621AB8364B000BE582 /* threadmessage.h */,
				75E5D9631AB8364B000BE582 /* time.h */,
				75E5D9641AB8364B000BE582 /* timecode.h */,
				75E5D9651AB8364B000BE582 /* timestamp.h */,
				75E5D9661AB8364B000BE582 /* twofish.h */,
				75E5D9671AB8364B000BE582 /* version.h */,
				75E5D9681AB8364B000BE582 /* xtea.h */,
			);
			path = libavutil;
			sourceTree = "<group>";
		};
		75E5D9691AB8364B000BE582 /* libswresample */ = {
			isa = PBXGroup;
			children = (
				75E5D96A1AB8364B000BE582 /* swresample.h */,
				75E5D96B1AB8364B000BE582 /* version.h */,
			);
			path = libswresample;
			sourceTree = "<group>";
		};
		75E5D96C1AB8364B000BE582 /* libswscale */ = {
			isa = PBXGroup;
			children = (
				75E5D96D1AB8364B000BE582 /* swscale.h */,
				75E5D96E1AB8364B000BE582 /* version.h */,
			);
			path = libswscale;
			sourceTree = "<group>";
		};
		75E5D96F1AB8364B000BE582 /* lib */ = {
			isa = PBXGroup;
			children = (
				75E5D9701AB8364B000BE582 /* libavcodec.a */,
				75E5D9711AB8364B000BE582 /* libavdevice.a */,
				75E5D9721AB8364B000BE582 /* libavfilter.a */,
				75E5D9731AB8364B000BE582 /* libavformat.a */,
				75E5D9741AB8364B000BE582 /* libavutil.a */,
				75E5D9751AB8364B000BE582 /* libswresample.a */,
				75E5D9761AB8364B000BE582 /* libswscale.a */,
			);
			path = lib;
			sourceTree = "<group>";
		};
		75E5D9E41AB90BF7000BE582 /* FFmpeg-Player */ = {
			isa = PBXGroup;
			children = (
				75E5D9E01AB90A1E000BE582 /* iRTMPPlayer.h */,
				75E5D9E11AB90A1E000BE582 /* iRTMPPlayer.m */,
			);
			name = "FFmpeg-Player";
			sourceTree = "<group>";
		};
		75E5D9E51AB90C30000BE582 /* Mirroring */ = {
			isa = PBXGroup;
			children = (
				757F1DAF1AAD504000FA2EA6 /* SplitScreen.h */,
				757F1DB01AAD504000FA2EA6 /* SplitScreen.m */,
			);
			name = Mirroring;
			sourceTree = "<group>";
		};
/* End PBXGroup section */

/* Begin PBXHeadersBuildPhase section */
		5AC0EBAB151A38F300A3043E /* Headers */ = {
			isa = PBXHeadersBuildPhase;
			buildActionMask = 2147483647;
			files = (
				757F1DA91AAD43E700FA2EA6 /* AirAirplay.h in Headers */,
				757F1DB11AAD504000FA2EA6 /* SplitScreen.h in Headers */,
				75E5D9E21AB90A1E000BE582 /* iRTMPPlayer.h in Headers */,
				17007FB917398624009C1500 /* FlashRuntimeExtensions.h in Headers */,
				75E5D9AB1AB8364B000BE582 /* frame.h in Headers */,
				75E5D9A71AB8364B000BE582 /* eval.h in Headers */,
				75E5D99E1AB8364B000BE582 /* cast5.h in Headers */,
				75E5D9A01AB8364B000BE582 /* common.h in Headers */,
				75E5D9D01AB8364B000BE582 /* version.h in Headers */,
				75E5D98F1AB8364B000BE582 /* adler32.h in Headers */,
				75E5D9A61AB8364B000BE582 /* error.h in Headers */,
				75E5D9B81AB8364B000BE582 /* motion_vector.h in Headers */,
				75E5D9BA1AB8364B000BE582 /* old_pix_fmts.h in Headers */,
				75E5D9C81AB8364B000BE582 /* threadmessage.h in Headers */,
				75E5D97E1AB8364B000BE582 /* vda.h in Headers */,
				75E5D9891AB8364B000BE582 /* buffersink.h in Headers */,
				75E5D99A1AB8364B000BE582 /* bprint.h in Headers */,
				75E5D9AF1AB8364B000BE582 /* intfloat.h in Headers */,
				75E5D9CE1AB8364B000BE582 /* xtea.h in Headers */,
				75E5D9D11AB8364B000BE582 /* swscale.h in Headers */,
				75E5D9871AB8364B000BE582 /* avfilter.h in Headers */,
				75E5D9801AB8364B000BE582 /* version.h in Headers */,
				75E5D9BF1AB8364B000BE582 /* pixfmt.h in Headers */,
				75E5D97D1AB8364B000BE582 /* vaapi.h in Headers */,
				75E5D9941AB8364B000BE582 /* avassert.h in Headers */,
				75E5D9AD1AB8364B000BE582 /* hmac.h in Headers */,
				75E5D9A41AB8364B000BE582 /* display.h in Headers */,
				75E5D9CF1AB8364B000BE582 /* swresample.h in Headers */,
				75E5D99D1AB8364B000BE582 /* camellia.h in Headers */,
				75E5D9CB1AB8364B000BE582 /* timestamp.h in Headers */,
				75E5D9981AB8364B000BE582 /* base64.h in Headers */,
				75E5D9AA1AB8364B000BE582 /* file.h in Headers */,
				75E5D9AC1AB8364B000BE582 /* hash.h in Headers */,
				75E5D9901AB8364B000BE582 /* aes.h in Headers */,
				75E5D9CC1AB8364B000BE582 /* twofish.h in Headers */,
				75A727181AD514BA008A2FBB /* frameYUV.h in Headers */,
				75E5D97C1AB8364B000BE582 /* qsv.h in Headers */,
				75E5D9841AB8364B000BE582 /* version.h in Headers */,
				75E5D99C1AB8364B000BE582 /* buffer.h in Headers */,
				75E5D9C51AB8364B000BE582 /* sha.h in Headers */,
				75E5D9D21AB8364B000BE582 /* version.h in Headers */,
				75E5D9C21AB8364B000BE582 /* replaygain.h in Headers */,
				75E5D9B11AB8364B000BE582 /* lfg.h in Headers */,
				75E5D9B01AB8364B000BE582 /* intreadwrite.h in Headers */,
				75E5D9A31AB8364B000BE582 /* dict.h in Headers */,
				75E5D9B91AB8364B000BE582 /* murmur3.h in Headers */,
				75E5D9BB1AB8364B000BE582 /* opt.h in Headers */,
				75E5D9811AB8364B000BE582 /* vorbis_parser.h in Headers */,
				75A7270E1AD50F58008A2FBB /* OpenGL.h in Headers */,
				75E5D9BE1AB8364B000BE582 /* pixelutils.h in Headers */,
				75E5D9821AB8364B000BE582 /* xvmc.h in Headers */,
				75E5D97B1AB8364B000BE582 /* old_codec_ids.h in Headers */,
				75E5D9C91AB8364B000BE582 /* time.h in Headers */,
				75E5D98A1AB8364B000BE582 /* buffersrc.h in Headers */,
				75E5D9B51AB8364B000BE582 /* mathematics.h in Headers */,
				75E5D9921AB8364B000BE582 /* audio_fifo.h in Headers */,
				75E5D9971AB8364B000BE582 /* avutil.h in Headers */,
				75E5D9A91AB8364B000BE582 /* fifo.h in Headers */,
				75E5D9BD1AB8364B000BE582 /* pixdesc.h in Headers */,
				75E5D9C11AB8364B000BE582 /* rational.h in Headers */,
				75E5D9951AB8364B000BE582 /* avconfig.h in Headers */,
				75E5D9C01AB8364B000BE582 /* random_seed.h in Headers */,
				75A7271A1AD514BA008A2FBB /* GLSLRenderYUV.h in Headers */,
				75E5D98C1AB8364B000BE582 /* avformat.h in Headers */,
				75E5D9831AB8364B000BE582 /* avdevice.h in Headers */,
				75E5D98E1AB8364B000BE582 /* version.h in Headers */,
				75E5D98D1AB8364B000BE582 /* avio.h in Headers */,
				75E5D9961AB8364B000BE582 /* avstring.h in Headers */,
				75E5D9771AB8364B000BE582 /* avcodec.h in Headers */,
				75E5D9B41AB8364B000BE582 /* macros.h in Headers */,
				75E5D98B1AB8364B000BE582 /* version.h in Headers */,
				75E5D9881AB8364B000BE582 /* avfiltergraph.h in Headers */,
				75E5D9C61AB8364B000BE582 /* sha512.h in Headers */,
				75E5D9851AB8364B000BE582 /* asrc_abuffer.h in Headers */,
				75E5D99F1AB8364B000BE582 /* channel_layout.h in Headers */,
				75E5D9A81AB8364B000BE582 /* ffversion.h in Headers */,
				75E5D9C41AB8364B000BE582 /* samplefmt.h in Headers */,
				75E5D9931AB8364B000BE582 /* audioconvert.h in Headers */,
				75E5D9BC1AB8364B000BE582 /* parseutils.h in Headers */,
				75E5D9B31AB8364B000BE582 /* lzo.h in Headers */,
				75E5D9A11AB8364B000BE582 /* cpu.h in Headers */,
				75E5D9B61AB8364B000BE582 /* md5.h in Headers */,
				75E5D9CA1AB8364B000BE582 /* timecode.h in Headers */,
				75E5D9781AB8364B000BE582 /* avfft.h in Headers */,
				75E5D97A1AB8364B000BE582 /* dxva2.h in Headers */,
				75E5D9991AB8364B000BE582 /* blowfish.h in Headers */,
				75E5D99B1AB8364B000BE582 /* bswap.h in Headers */,
				75E5D9A51AB8364B000BE582 /* downmix_info.h in Headers */,
				75A7271F1AD514C6008A2FBB /* RTMPDecoder.h in Headers */,
				75E5D97F1AB8364B000BE582 /* vdpau.h in Headers */,
				75E5D9861AB8364B000BE582 /* avcodec.h in Headers */,
				75E5D9B21AB8364B000BE582 /* log.h in Headers */,
				75E5D9791AB8364B000BE582 /* dv_profile.h in Headers */,
				75E5D9C71AB8364B000BE582 /* stereo3d.h in Headers */,
				75E5D9A21AB8364B000BE582 /* crc.h in Headers */,
				75E5D9CD1AB8364B000BE582 /* version.h in Headers */,
				75E5D9AE1AB8364B000BE582 /* imgutils.h in Headers */,
				75E5D9B71AB8364B000BE582 /* mem.h in Headers */,
				75E5D9911AB8364B000BE582 /* attributes.h in Headers */,
				75E5D9C31AB8364B000BE582 /* ripemd.h in Headers */,
			);
			runOnlyForDeploymentPostprocessing = 0;
		};
/* End PBXHeadersBuildPhase section */

/* Begin PBXNativeTarget section */
		5AC0EBAC151A38F300A3043E /* AirAirplay */ = {
			isa = PBXNativeTarget;
			buildConfigurationList = 5AC0EBBA151A38F400A3043E /* Build configuration list for PBXNativeTarget "AirAirplay" */;
			buildPhases = (
				5AC0EBA9151A38F300A3043E /* Sources */,
				5AC0EBAA151A38F300A3043E /* Frameworks */,
				5AC0EBAB151A38F300A3043E /* Headers */,
			);
			buildRules = (
			);
			dependencies = (
			);
			name = AirAirplay;
			productName = AirPushNotification;
			productReference = 5AC0EBAD151A38F300A3043E /* libAirAirplay.a */;
			productType = "com.apple.product-type.library.static";
		};
		75A8C7451AB036600041B6B0 /* AirAirplay.ane */ = {
			isa = PBXNativeTarget;
			buildConfigurationList = 75A8C7601AB036600041B6B0 /* Build configuration list for PBXNativeTarget "AirAirplay.ane" */;
			buildPhases = (
				75A8C7661AB126840041B6B0 /* Run air swc */,
				75A8C7441AB036600041B6B0 /* ShellScript */,
			);
			buildRules = (
			);
			dependencies = (
				75C697501ABA5C4800A54283 /* PBXTargetDependency */,
			);
			name = AirAirplay.ane;
			productName = AirplayExtension.ane;
			productReference = 75A8C7461AB036600041B6B0 /* AirAirplay.ane */;
			productType = "com.apple.product-type.library.static";
		};
/* End PBXNativeTarget section */

/* Begin PBXProject section */
		5AC0EBA4151A38F300A3043E /* Project object */ = {
			isa = PBXProject;
			attributes = {
				TargetAttributes = {
					75A8C7451AB036600041B6B0 = {
						CreatedOnToolsVersion = 6.1.1;
					};
				};
			};
			buildConfigurationList = 5AC0EBA7151A38F300A3043E /* Build configuration list for PBXProject "AirAirplay" */;
			compatibilityVersion = "Xcode 3.2";
			developmentRegion = English;
			hasScannedForEncodings = 0;
			knownRegions = (
				en,
			);
			mainGroup = 5AC0EBA2151A38F300A3043E;
			productRefGroup = 5AC0EBAE151A38F300A3043E /* Products */;
			projectDirPath = "";
			projectRoot = "";
			targets = (
				5AC0EBAC151A38F300A3043E /* AirAirplay */,
				75A8C7451AB036600041B6B0 /* AirAirplay.ane */,
			);
		};
/* End PBXProject section */

/* Begin PBXShellScriptBuildPhase section */
		75A8C7441AB036600041B6B0 /* ShellScript */ = {
			isa = PBXShellScriptBuildPhase;
			buildActionMask = 2147483647;
			files = (
			);
			inputPaths = (
			);
			outputPaths = (
			);
			runOnlyForDeploymentPostprocessing = 0;
			shellPath = /bin/bash;
			shellScript = "chmod 755 \"$PROJECT_DIR/ANECompiler/generateANE.sh\"\n\"$PROJECT_DIR/ANECompiler/generateANE.sh\"\n\t\t\t\t\t";
		};
		75A8C7661AB126840041B6B0 /* Run air swc */ = {
			isa = PBXShellScriptBuildPhase;
			buildActionMask = 2147483647;
			files = (
			);
			inputPaths = (
			);
			name = "Run air swc";
			outputPaths = (
			);
			runOnlyForDeploymentPostprocessing = 0;
			shellPath = /bin/sh;
			shellScript = "\"${AIR_SDK_PATH}\"/bin/acompc -source-path \"${PROJECT_DIR}/${NATIVEEXTENSION_PATH}\" -include-classes \"${SWC_Include_Classes}\" -swf-version=\"${SWF_Version}\" -output \"${PROJECT_DIR}/${NATIVEEXTENSION_SWC}\"";
		};
/* End PBXShellScriptBuildPhase section */

/* Begin PBXSourcesBuildPhase section */
		5AC0EBA9151A38F300A3043E /* Sources */ = {
			isa = PBXSourcesBuildPhase;
			buildActionMask = 2147483647;
			files = (
				75A727191AD514BA008A2FBB /* frameYUV.m in Sources */,
				75C6A4031ABA7D1E00D28407 /* libavcodec.a in Sources */,
				75C6A4041ABA7D1E00D28407 /* libavdevice.a in Sources */,
				75C6A4051ABA7D1E00D28407 /* libavfilter.a in Sources */,
				75C6A4061ABA7D1E00D28407 /* libavformat.a in Sources */,
				75C6A4071ABA7D1E00D28407 /* libavutil.a in Sources */,
				75A7271B1AD514BA008A2FBB /* GLSLRenderYUV.m in Sources */,
				75A7270F1AD50F58008A2FBB /* OpenGL.m in Sources */,
				75C6A4081ABA7D1E00D28407 /* libswresample.a in Sources */,
				75C6A4091ABA7D1E00D28407 /* libswscale.a in Sources */,
				757F1DB21AAD504000FA2EA6 /* SplitScreen.m in Sources */,
				757F1DAA1AAD43E700FA2EA6 /* AirAirplay.m in Sources */,
				75E5D9E31AB90A1E000BE582 /* iRTMPPlayer.m in Sources */,
				75A727201AD514C6008A2FBB /* RTMPDecoder.m in Sources */,
			);
			runOnlyForDeploymentPostprocessing = 0;
		};
/* End PBXSourcesBuildPhase section */

/* Begin PBXTargetDependency section */
		75C697501ABA5C4800A54283 /* PBXTargetDependency */ = {
			isa = PBXTargetDependency;
			target = 5AC0EBAC151A38F300A3043E /* AirAirplay */;
			targetProxy = 75C6974F1ABA5C4800A54283 /* PBXContainerItemProxy */;
		};
/* End PBXTargetDependency section */

/* Begin XCBuildConfiguration section */
		5AC0EBB8151A38F400A3043E /* Debug */ = {
			isa = XCBuildConfiguration;
			buildSettings = {
				ALWAYS_SEARCH_USER_PATHS = NO;
				ARCHS = "$(ARCHS_STANDARD)";
				COPY_PHASE_STRIP = NO;
				GCC_C_LANGUAGE_STANDARD = gnu99;
				GCC_DYNAMIC_NO_PIC = NO;
				GCC_OPTIMIZATION_LEVEL = 0;
				GCC_PREPROCESSOR_DEFINITIONS = (
					"DEBUG=1",
					"$(inherited)",
				);
				GCC_SYMBOLS_PRIVATE_EXTERN = NO;
				GCC_VERSION = "";
				GCC_WARN_ABOUT_MISSING_PROTOTYPES = YES;
				GCC_WARN_ABOUT_RETURN_TYPE = YES;
				GCC_WARN_UNUSED_VARIABLE = YES;
				INSTALL_PATH = ../;
				IPHONEOS_DEPLOYMENT_TARGET = 6.1;
				SDKROOT = iphoneos;
				SYMROOT = build;
			};
			name = Debug;
		};
		5AC0EBB9151A38F400A3043E /* Release */ = {
			isa = XCBuildConfiguration;
			buildSettings = {
				ALWAYS_SEARCH_USER_PATHS = NO;
				ARCHS = "$(ARCHS_STANDARD)";
				COPY_PHASE_STRIP = YES;
				GCC_C_LANGUAGE_STANDARD = gnu99;
				GCC_VERSION = "";
				GCC_WARN_ABOUT_MISSING_PROTOTYPES = YES;
				GCC_WARN_ABOUT_RETURN_TYPE = YES;
				GCC_WARN_UNUSED_VARIABLE = YES;
				INSTALL_PATH = ../;
				IPHONEOS_DEPLOYMENT_TARGET = 6.1;
				SDKROOT = iphoneos;
				SYMROOT = build;
				VALIDATE_PRODUCT = YES;
			};
			name = Release;
		};
		5AC0EBBB151A38F400A3043E /* Debug */ = {
			isa = XCBuildConfiguration;
			buildSettings = {
				ARCHS = "$(ARCHS_STANDARD)";
				CLANG_CXX_LANGUAGE_STANDARD = "gnu++0x";
				CLANG_CXX_LIBRARY = "libc++";
				DSTROOT = /tmp/AirPlay.dst;
				FRAMEWORK_SEARCH_PATHS = (
					"$(inherited)",
					"$(PROJECT_DIR)/Frameworks",
					"$(PROJECT_DIR)/ANECompiler/libs",
				);
				GCC_PRECOMPILE_PREFIX_HEADER = YES;
				GCC_PREFIX_HEADER = "AirAirplay/AirAirplay-Prefix.pch";
				GCC_VERSION = "";
				HEADER_SEARCH_PATHS = (
					"$(inherited)",
					/Applications/Xcode.app/Contents/Developer/Toolchains/XcodeDefault.xctoolchain/usr/include,
					"$(SRCROOT)/Frameworks/ffmpeg/include",
				);
				LIBRARY_SEARCH_PATHS = (
					"$(inherited)",
					"$(PROJECT_DIR)/ANECompiler",
					"$(PROJECT_DIR)/ANECompiler/libs",
					"$(PROJECT_DIR)/Frameworks/ffmpeg/lib",
				);
				OTHER_LDFLAGS = "-ObjC";
				PRODUCT_NAME = AirAirplay;
				SKIP_INSTALL = NO;
				TARGETED_DEVICE_FAMILY = "1,2";
			};
			name = Debug;
		};
		5AC0EBBC151A38F400A3043E /* Release */ = {
			isa = XCBuildConfiguration;
			buildSettings = {
				ARCHS = "$(ARCHS_STANDARD)";
				CLANG_CXX_LANGUAGE_STANDARD = "gnu++0x";
				CLANG_CXX_LIBRARY = "libc++";
				DSTROOT = /tmp/AirPlay.dst;
				FRAMEWORK_SEARCH_PATHS = (
					"$(inherited)",
					"$(PROJECT_DIR)/Frameworks",
					"$(PROJECT_DIR)/ANECompiler/libs",
				);
				GCC_PRECOMPILE_PREFIX_HEADER = YES;
				GCC_PREFIX_HEADER = "AirAirplay/AirAirplay-Prefix.pch";
				GCC_VERSION = "";
				HEADER_SEARCH_PATHS = (
					"$(inherited)",
					/Applications/Xcode.app/Contents/Developer/Toolchains/XcodeDefault.xctoolchain/usr/include,
					"$(SRCROOT)/Frameworks/ffmpeg/include",
				);
				LIBRARY_SEARCH_PATHS = (
					"$(inherited)",
					"$(PROJECT_DIR)/ANECompiler",
					"$(PROJECT_DIR)/ANECompiler/libs",
					"$(PROJECT_DIR)/Frameworks/ffmpeg/lib",
				);
				OTHER_LDFLAGS = "-ObjC";
				PRODUCT_NAME = AirAirplay;
				SKIP_INSTALL = NO;
				TARGETED_DEVICE_FAMILY = "1,2";
			};
			name = Release;
		};
		75A8C75B1AB036600041B6B0 /* Debug */ = {
			isa = XCBuildConfiguration;
			buildSettings = {
				AIR_SDK_PATH = /Users/mobile/Documents/AdobeAIRSDK;
				ARCHS = "$(ARCHS_STANDARD)";
				CLANG_ENABLE_OBJC_ARC = NO;
				"CODE_SIGN_IDENTITY[sdk=iphoneos*]" = "iPhone Developer";
				COPY_PATH = "$(SRCROOT)/build";
				EXECUTABLE_EXTENSION = ane;
				EXECUTABLE_PREFIX = "";
				GCC_ENABLE_CPP_EXCEPTIONS = NO;
				GCC_ENABLE_OBJC_EXCEPTIONS = NO;
				GCC_PREPROCESSOR_DEFINITIONS = (
					"DEBUG=1",
					"$(inherited)",
				);
				IPHONEOS_DEPLOYMENT_TARGET = 4.3;
				Link_Library = "${CONFIGURATION_BUILD_DIR}/ANECompiler/libs/AVFoundation.framework ${CONFIGURATION_BUILD_DIR}/ANECompiler/libs/CoreGraphics.framework \n${CONFIGURATION_BUILD_DIR}/ANECompiler/libs/libbz2.1.0.dylib ${CONFIGURATION_BUILD_DIR}/ANECompiler/libs/libz.1.dylib {CONFIGURATION_BUILD_DIR}/ANECompiler/libs/libavcodec.a ${CONFIGURATION_BUILD_DIR}/ANECompiler/libs/libiconv.2.dylib {CONFIGURATION_BUILD_DIR}/ANECompiler/libs/libavdevice.a {CONFIGURATION_BUILD_DIR}/ANECompiler/libs/libavfilter.a {CONFIGURATION_BUILD_DIR}/ANECompiler/libs/libavformat.a {CONFIGURATION_BUILD_DIR}/ANECompiler/libs/libavutil.a {CONFIGURATION_BUILD_DIR}/ANECompiler/libs/libswresample.a {CONFIGURATION_BUILD_DIR}/ANECompiler/libs/libswscale.a";
				NATIVEEXTENSION_PATH = Flash/src;
				NATIVEEXTENSION_SWC = Flash/src/nativeextension.swc;
				PRODUCT_NAME = AirAirplay;
				SWC_Include_Classes = com.ios.UIKit.SplitScreen;
				SWF_Version = 25;
				USER_HEADER_SEARCH_PATHS = "/Applications/Adobe Flash Builder 4.7/eclipse/plugins/com.adobe.flash.compiler_4.7.0.349722/AIRSDK/bin/include/";
			};
			name = Debug;
		};
		75A8C75C1AB036600041B6B0 /* Release */ = {
			isa = XCBuildConfiguration;
			buildSettings = {
				AIR_SDK_PATH = /Users/mobile/Documents/AdobeAIRSDK;
				ARCHS = "$(ARCHS_STANDARD)";
				CLANG_ENABLE_OBJC_ARC = NO;
				"CODE_SIGN_IDENTITY[sdk=iphoneos*]" = "iPhone Developer";
				COPY_PATH = "$(SRCROOT)/build";
				EXECUTABLE_EXTENSION = ane;
				EXECUTABLE_PREFIX = "";
				GCC_ENABLE_CPP_EXCEPTIONS = NO;
				GCC_ENABLE_OBJC_EXCEPTIONS = NO;
				IPHONEOS_DEPLOYMENT_TARGET = 4.3;
				Link_Library = "${CONFIGURATION_BUILD_DIR}/ANECompiler/libs/AVFoundation.framework ${CONFIGURATION_BUILD_DIR}/ANECompiler/libs/CoreGraphics.framework \n${CONFIGURATION_BUILD_DIR}/ANECompiler/libs/libbz2.1.0.dylib ${CONFIGURATION_BUILD_DIR}/ANECompiler/libs/libz.1.dylib {CONFIGURATION_BUILD_DIR}/ANECompiler/libs/libavcodec.a ${CONFIGURATION_BUILD_DIR}/ANECompiler/libs/libiconv.2.dylib {CONFIGURATION_BUILD_DIR}/ANECompiler/libs/libavdevice.a {CONFIGURATION_BUILD_DIR}/ANECompiler/libs/libavfilter.a {CONFIGURATION_BUILD_DIR}/ANECompiler/libs/libavformat.a {CONFIGURATION_BUILD_DIR}/ANECompiler/libs/libavutil.a {CONFIGURATION_BUILD_DIR}/ANECompiler/libs/libswresample.a {CONFIGURATION_BUILD_DIR}/ANECompiler/libs/libswscale.a";
				NATIVEEXTENSION_PATH = Flash/src;
				NATIVEEXTENSION_SWC = Flash/src/nativeextension.swc;
				PRODUCT_NAME = AirAirplay;
				SWC_Include_Classes = com.ios.UIKit.SplitScreen;
				SWF_Version = 25;
				USER_HEADER_SEARCH_PATHS = "/Applications/Adobe Flash Builder 4.7/eclipse/plugins/com.adobe.flash.compiler_4.7.0.349722/AIRSDK/bin/include/";
			};
			name = Release;
		};
/* End XCBuildConfiguration section */

/* Begin XCConfigurationList section */
		5AC0EBA7151A38F300A3043E /* Build configuration list for PBXProject "AirAirplay" */ = {
			isa = XCConfigurationList;
			buildConfigurations = (
				5AC0EBB8151A38F400A3043E /* Debug */,
				5AC0EBB9151A38F400A3043E /* Release */,
			);
			defaultConfigurationIsVisible = 0;
			defaultConfigurationName = Release;
		};
		5AC0EBBA151A38F400A3043E /* Build configuration list for PBXNativeTarget "AirAirplay" */ = {
			isa = XCConfigurationList;
			buildConfigurations = (
				5AC0EBBB151A38F400A3043E /* Debug */,
				5AC0EBBC151A38F400A3043E /* Release */,
			);
			defaultConfigurationIsVisible = 0;
			defaultConfigurationName = Release;
		};
		75A8C7601AB036600041B6B0 /* Build configuration list for PBXNativeTarget "AirAirplay.ane" */ = {
			isa = XCConfigurationList;
			buildConfigurations = (
				75A8C75B1AB036600041B6B0 /* Debug */,
				75A8C75C1AB036600041B6B0 /* Release */,
			);
			defaultConfigurationIsVisible = 0;
			defaultConfigurationName = Release;
		};
/* End XCConfigurationList section */
	};
	rootObject = 5AC0EBA4151A38F300A3043E /* Project object */;
}
